
Microsoft Visual Studio Solution File, Format Version 12.00
# Visual Studio Version 16
VisualStudioVersion = 16.0.31019.35
MinimumVisualStudioVersion = 10.0.40219.1
Project("{FAE04EC0-301F-11D3-BF4B-00C04F79EFBC}") = "swi", "swi\swi.csproj", "{833602C6-30F9-4844-ADCF-1118A7C1BE54}"
	ProjectSection(ProjectDependencies) = postProject
		{F17F607E-75E4-4B5F-B94B-893FBF8D061A} = {F17F607E-75E4-4B5F-B94B-893FBF8D061A}
	EndProjectSection
EndProject
Project("{FAE04EC0-301F-11D3-BF4B-00C04F79EFBC}") = "BLL", "BLL\BLL.csproj", "{F17F607E-75E4-4B5F-B94B-893FBF8D061A}"
EndProject
Global
	GlobalSection(SolutionConfigurationPlatforms) = preSolution
		Debug|Any CPU = Debug|Any CPU
		Release|Any CPU = Release|Any CPU
	EndGlobalSection
	GlobalSection(ProjectConfigurationPlatforms) = postSolution
		{833602C6-30F9-4844-ADCF-1118A7C1BE54}.Debug|Any CPU.ActiveCfg = Debug|Any CPU
		{833602C6-30F9-4844-ADCF-1118A7C1BE54}.Debug|Any CPU.Build.0 = Debug|Any CPU
		{833602C6-30F9-4844-ADCF-1118A7C1BE54}.Release|Any CPU.ActiveCfg = Release|Any CPU
		{833602C6-30F9-4844-ADCF-1118A7C1BE54}.Release|Any CPU.Build.0 = Release|Any CPU
		{F17F607E-75E4-4B5F-B94B-893FBF8D061A}.Debug|Any CPU.ActiveCfg = Debug|Any CPU
		{F17F607E-75E4-4B5F-B94B-893FBF8D061A}.Debug|Any CPU.Build.0 = Debug|Any CPU
		{F17F607E-75E4-4B5F-B94B-893FBF8D061A}.Release|Any CPU.ActiveCfg = Release|Any CPU
		{F17F607E-75E4-4B5F-B94B-893FBF8D061A}.Release|Any CPU.Build.0 = Release|Any CPU
	EndGlobalSection
	GlobalSection(SolutionProperties) = preSolution
		HideSolutionNode = FALSE
	EndGlobalSection
	GlobalSection(ExtensibilityGlobals) = postSolution
		SolutionGuid = {72E5CC66-781D-486B-BC6E-F92E08300E10}
	EndGlobalSection
EndGlobal
